// !$*UTF8*$!
{
	archiveVersion = 1;
	classes = {
	};
	objectVersion = 55;
	objects = {

/* Begin PBXBuildFile section */
		8B04E3B227F62631003D69FD /* AppDelegate.swift in Sources */ = {isa = PBXBuildFile; fileRef = 8B04E3B127F62631003D69FD /* AppDelegate.swift */; };
		8B04E3B427F62631003D69FD /* SceneDelegate.swift in Sources */ = {isa = PBXBuildFile; fileRef = 8B04E3B327F62631003D69FD /* SceneDelegate.swift */; };
		8B04E3B627F62631003D69FD /* AnimationViewController.swift in Sources */ = {isa = PBXBuildFile; fileRef = 8B04E3B527F62631003D69FD /* AnimationViewController.swift */; };
		8B04E3B927F62631003D69FD /* Main.storyboard in Resources */ = {isa = PBXBuildFile; fileRef = 8B04E3B727F62631003D69FD /* Main.storyboard */; };
		8B04E3BB27F62635003D69FD /* Assets.xcassets in Resources */ = {isa = PBXBuildFile; fileRef = 8B04E3BA27F62635003D69FD /* Assets.xcassets */; };
		8B04E3BE27F62635003D69FD /* LaunchScreen.storyboard in Resources */ = {isa = PBXBuildFile; fileRef = 8B04E3BC27F62635003D69FD /* LaunchScreen.storyboard */; };
		8B04E3C627F62666003D69FD /* Animation.swift in Sources */ = {isa = PBXBuildFile; fileRef = 8B04E3C527F62666003D69FD /* Animation.swift */; };
		DBBF4204063685A00C1CBEF6 /* Pods_Lesson_2_9.framework in Frameworks */ = {isa = PBXBuildFile; fileRef = 49DF9532F337B79F28499A8D /* Pods_Lesson_2_9.framework */; };
/* End PBXBuildFile section */

/* Begin PBXFileReference section */
		49DF9532F337B79F28499A8D /* Pods_Lesson_2_9.framework */ = {isa = PBXFileReference; explicitFileType = wrapper.framework; includeInIndex = 0; path = Pods_Lesson_2_9.framework; sourceTree = BUILT_PRODUCTS_DIR; };
		8B04E3AE27F62631003D69FD /* Lesson 2.9.app */ = {isa = PBXFileReference; explicitFileType = wrapper.application; includeInIndex = 0; path = "Lesson 2.9.app"; sourceTree = BUILT_PRODUCTS_DIR; };
		8B04E3B127F62631003D69FD /* AppDelegate.swift */ = {isa = PBXFileReference; lastKnownFileType = sourcecode.swift; path = AppDelegate.swift; sourceTree = "<group>"; };
		8B04E3B327F62631003D69FD /* SceneDelegate.swift */ = {isa = PBXFileReference; lastKnownFileType = sourcecode.swift; path = SceneDelegate.swift; sourceTree = "<group>"; };
		8B04E3B527F62631003D69FD /* AnimationViewController.swift */ = {isa = PBXFileReference; lastKnownFileType = sourcecode.swift; path = AnimationViewController.swift; sourceTree = "<group>"; };
		8B04E3B827F62631003D69FD /* Base */ = {isa = PBXFileReference; lastKnownFileType = file.storyboard; name = Base; path = Base.lproj/Main.storyboard; sourceTree = "<group>"; };
		8B04E3BA27F62635003D69FD /* Assets.xcassets */ = {isa = PBXFileReference; lastKnownFileType = folder.assetcatalog; path = Assets.xcassets; sourceTree = "<group>"; };
		8B04E3BD27F62635003D69FD /* Base */ = {isa = PBXFileReference; lastKnownFileType = file.storyboard; name = Base; path = Base.lproj/LaunchScreen.storyboard; sourceTree = "<group>"; };
		8B04E3BF27F62635003D69FD /* Info.plist */ = {isa = PBXFileReference; lastKnownFileType = text.plist.xml; path = Info.plist; sourceTree = "<group>"; };
		8B04E3C527F62666003D69FD /* Animation.swift */ = {isa = PBXFileReference; lastKnownFileType = sourcecode.swift; path = Animation.swift; sourceTree = "<group>"; };
		B97D1E8D1DADFE2455E25DA1 /* Pods-Lesson 2.9.debug.xcconfig */ = {isa = PBXFileReference; includeInIndex = 1; lastKnownFileType = text.xcconfig; name = "Pods-Lesson 2.9.debug.xcconfig"; path = "Target Support Files/Pods-Lesson 2.9/Pods-Lesson 2.9.debug.xcconfig"; sourceTree = "<group>"; };
		FFA42634DF63309A9E273429 /* Pods-Lesson 2.9.release.xcconfig */ = {isa = PBXFileReference; includeInIndex = 1; lastKnownFileType = text.xcconfig; name = "Pods-Lesson 2.9.release.xcconfig"; path = "Target Support Files/Pods-Lesson 2.9/Pods-Lesson 2.9.release.xcconfig"; sourceTree = "<group>"; };
/* End PBXFileReference section */

/* Begin PBXFrameworksBuildPhase section */
		8B04E3AB27F62631003D69FD /* Frameworks */ = {
			isa = PBXFrameworksBuildPhase;
			buildActionMask = 2147483647;
			files = (
				DBBF4204063685A00C1CBEF6 /* Pods_Lesson_2_9.framework in Frameworks */,
			);
			runOnlyForDeploymentPostprocessing = 0;
		};
/* End PBXFrameworksBuildPhase section */

/* Begin PBXGroup section */
		06DB8BD2878FF09CEBCA164C /* Pods */ = {
			isa = PBXGroup;
			children = (
				B97D1E8D1DADFE2455E25DA1 /* Pods-Lesson 2.9.debug.xcconfig */,
				FFA42634DF63309A9E273429 /* Pods-Lesson 2.9.release.xcconfig */,
			);
			path = Pods;
			sourceTree = "<group>";
		};
		8B04E3A527F62631003D69FD = {
			isa = PBXGroup;
			children = (
				8B04E3B027F62631003D69FD /* Lesson 2.9 */,
				8B04E3AF27F62631003D69FD /* Products */,
				06DB8BD2878FF09CEBCA164C /* Pods */,
				F04E9914A06CBA04C1D10B90 /* Frameworks */,
			);
			sourceTree = "<group>";
		};
		8B04E3AF27F62631003D69FD /* Products */ = {
			isa = PBXGroup;
			children = (
				8B04E3AE27F62631003D69FD /* Lesson 2.9.app */,
			);
			name = Products;
			sourceTree = "<group>";
		};
		8B04E3B027F62631003D69FD /* Lesson 2.9 */ = {
			isa = PBXGroup;
			children = (
				8B04E3C727F62671003D69FD /* Model */,
				8B04E3CA27F62720003D69FD /* View Controllers */,
				8B04E3C827F626D4003D69FD /* Storyboards */,
				8B04E3CB27F6274D003D69FD /* Resources */,
				8B04E3C927F626EC003D69FD /* App */,
			);
			path = "Lesson 2.9";
			sourceTree = "<group>";
		};
		8B04E3C727F62671003D69FD /* Model */ = {
			isa = PBXGroup;
			children = (
				8B04E3C527F62666003D69FD /* Animation.swift */,
			);
			path = Model;
			sourceTree = "<group>";
		};
		8B04E3C827F626D4003D69FD /* Storyboards */ = {
			isa = PBXGroup;
			children = (
				8B04E3B727F62631003D69FD /* Main.storyboard */,
				8B04E3BC27F62635003D69FD /* LaunchScreen.storyboard */,
			);
			path = Storyboards;
			sourceTree = "<group>";
		};
		8B04E3C927F626EC003D69FD /* App */ = {
			isa = PBXGroup;
			children = (
				8B04E3B127F62631003D69FD /* AppDelegate.swift */,
				8B04E3B327F62631003D69FD /* SceneDelegate.swift */,
				8B04E3BF27F62635003D69FD /* Info.plist */,
			);
			path = App;
			sourceTree = "<group>";
		};
		8B04E3CA27F62720003D69FD /* View Controllers */ = {
			isa = PBXGroup;
			children = (
				8B04E3B527F62631003D69FD /* AnimationViewController.swift */,
			);
			path = "View Controllers";
			sourceTree = "<group>";
		};
		8B04E3CB27F6274D003D69FD /* Resources */ = {
			isa = PBXGroup;
			children = (
				8B04E3BA27F62635003D69FD /* Assets.xcassets */,
			);
			path = Resources;
			sourceTree = "<group>";
		};
		F04E9914A06CBA04C1D10B90 /* Frameworks */ = {
			isa = PBXGroup;
			children = (
				49DF9532F337B79F28499A8D /* Pods_Lesson_2_9.framework */,
			);
			name = Frameworks;
			sourceTree = "<group>";
		};
/* End PBXGroup section */

/* Begin PBXNativeTarget section */
		8B04E3AD27F62631003D69FD /* Lesson 2.9 */ = {
			isa = PBXNativeTarget;
			buildConfigurationList = 8B04E3C227F62635003D69FD /* Build configuration list for PBXNativeTarget "Lesson 2.9" */;
			buildPhases = (
				F3C46CD98C305BDD286659D5 /* [CP] Check Pods Manifest.lock */,
				8B04E3AA27F62631003D69FD /* Sources */,
				8B04E3AB27F62631003D69FD /* Frameworks */,
				8B04E3AC27F62631003D69FD /* Resources */,
				F64AC8AE1655C4A3E4839686 /* [CP] Embed Pods Frameworks */,
			);
			buildRules = (
			);
			dependencies = (
			);
			name = "Lesson 2.9";
			productName = "Lesson 2.9";
			productReference = 8B04E3AE27F62631003D69FD /* Lesson 2.9.app */;
			productType = "com.apple.product-type.application";
		};
/* End PBXNativeTarget section */

/* Begin PBXProject section */
		8B04E3A627F62631003D69FD /* Project object */ = {
			isa = PBXProject;
			attributes = {
				BuildIndependentTargetsInParallel = 1;
				LastSwiftUpdateCheck = 1330;
				LastUpgradeCheck = 1330;
				TargetAttributes = {
					8B04E3AD27F62631003D69FD = {
						CreatedOnToolsVersion = 13.3;
					};
				};
			};
			buildConfigurationList = 8B04E3A927F62631003D69FD /* Build configuration list for PBXProject "Lesson 2.9" */;
			compatibilityVersion = "Xcode 13.0";
			developmentRegion = en;
			hasScannedForEncodings = 0;
			knownRegions = (
				en,
				Base,
			);
			mainGroup = 8B04E3A527F62631003D69FD;
			productRefGroup = 8B04E3AF27F62631003D69FD /* Products */;
			projectDirPath = "";
			projectRoot = "";
			targets = (
				8B04E3AD27F62631003D69FD /* Lesson 2.9 */,
			);
		};
/* End PBXProject section */

/* Begin PBXResourcesBuildPhase section */
		8B04E3AC27F62631003D69FD /* Resources */ = {
			isa = PBXResourcesBuildPhase;
			buildActionMask = 2147483647;
			files = (
				8B04E3BE27F62635003D69FD /* LaunchScreen.storyboard in Resources */,
				8B04E3BB27F62635003D69FD /* Assets.xcassets in Resources */,
				8B04E3B927F62631003D69FD /* Main.storyboard in Resources */,
			);
			runOnlyForDeploymentPostprocessing = 0;
		};
/* End PBXResourcesBuildPhase section */

/* Begin PBXShellScriptBuildPhase section */
		F3C46CD98C305BDD286659D5 /* [CP] Check Pods Manifest.lock */ = {
			isa = PBXShellScriptBuildPhase;
			buildActionMask = 2147483647;
			files = (
			);
			inputFileListPaths = (
			);
			inputPaths = (
				"${PODS_PODFILE_DIR_PATH}/Podfile.lock",
				"${PODS_ROOT}/Manifest.lock",
			);
			name = "[CP] Check Pods Manifest.lock";
			outputFileListPaths = (
			);
			outputPaths = (
				"$(DERIVED_FILE_DIR)/Pods-Lesson 2.9-checkManifestLockResult.txt",
			);
			runOnlyForDeploymentPostprocessing = 0;
			shellPath = /bin/sh;
			shellScript = "diff \"${PODS_PODFILE_DIR_PATH}/Podfile.lock\" \"${PODS_ROOT}/Manifest.lock\" > /dev/null\nif [ $? != 0 ] ; then\n    # print error to STDERR\n    echo \"error: The sandbox is not in sync with the Podfile.lock. Run 'pod install' or update your CocoaPods installation.\" >&2\n    exit 1\nfi\n# This output is used by Xcode 'outputs' to avoid re-running this script phase.\necho \"SUCCESS\" > \"${SCRIPT_OUTPUT_FILE_0}\"\n";
			showEnvVarsInLog = 0;
		};
		F64AC8AE1655C4A3E4839686 /* [CP] Embed Pods Frameworks */ = {
			isa = PBXShellScriptBuildPhase;
			buildActionMask = 2147483647;
			files = (
			);
			inputFileListPaths = (
				"${PODS_ROOT}/Target Support Files/Pods-Lesson 2.9/Pods-Lesson 2.9-frameworks-${CONFIGURATION}-input-files.xcfilelist",
			);
			name = "[CP] Embed Pods Frameworks";
			outputFileListPaths = (
				"${PODS_ROOT}/Target Support Files/Pods-Lesson 2.9/Pods-Lesson 2.9-frameworks-${CONFIGURATION}-output-files.xcfilelist",
			);
			runOnlyForDeploymentPostprocessing = 0;
			shellPath = /bin/sh;
			shellScript = "\"${PODS_ROOT}/Target Support Files/Pods-Lesson 2.9/Pods-Lesson 2.9-frameworks.sh\"\n";
			showEnvVarsInLog = 0;
		};
/* End PBXShellScriptBuildPhase section */

/* Begin PBXSourcesBuildPhase section */
		8B04E3AA27F62631003D69FD /* Sources */ = {
			isa = PBXSourcesBuildPhase;
			buildActionMask = 2147483647;
			files = (
				8B04E3B627F62631003D69FD /* AnimationViewController.swift in Sources */,
				8B04E3B227F62631003D69FD /* AppDelegate.swift in Sources */,
				8B04E3B427F62631003D69FD /* SceneDelegate.swift in Sources */,
				8B04E3C627F62666003D69FD /* Animation.swift in Sources */,
			);
			runOnlyForDeploymentPostprocessing = 0;
		};
/* End PBXSourcesBuildPhase section */

/* Begin PBXVariantGroup section */
		8B04E3B727F62631003D69FD /* Main.storyboard */ = {
			isa = PBXVariantGroup;
			children = (
				8B04E3B827F62631003D69FD /* Base */,
			);
			name = Main.storyboard;
			sourceTree = "<group>";
		};
		8B04E3BC27F62635003D69FD /* LaunchScreen.storyboard */ = {
			isa = PBXVariantGroup;
			children = (
				8B04E3BD27F62635003D69FD /* Base */,
			);
			name = LaunchScreen.storyboard;
			sourceTree = "<group>";
		};
/* End PBXVariantGroup section */

/* Begin XCBuildConfiguration section */
		8B04E3C027F62635003D69FD /* Debug */ = {
			isa = XCBuildConfiguration;
			buildSettings = {
				ALWAYS_SEARCH_USER_PATHS = NO;
				CLANG_ANALYZER_NONNULL = YES;
				CLANG_ANALYZER_NUMBER_OBJECT_CONVERSION = YES_AGGRESSIVE;
				CLANG_CXX_LANGUAGE_STANDARD = "gnu++17";
				CLANG_ENABLE_MODULES = YES;
				CLANG_ENABLE_OBJC_ARC = YES;
				CLANG_ENABLE_OBJC_WEAK = YES;
				CLANG_WARN_BLOCK_CAPTURE_AUTORELEASING = YES;
				CLANG_WARN_BOOL_CONVERSION = YES;
				CLANG_WARN_COMMA = YES;
				CLANG_WARN_CONSTANT_CONVERSION = YES;
				CLANG_WARN_DEPRECATED_OBJC_IMPLEMENTATIONS = YES;
				CLANG_WARN_DIRECT_OBJC_ISA_USAGE = YES_ERROR;
				CLANG_WARN_DOCUMENTATION_COMMENTS = YES;
				CLANG_WARN_EMPTY_BODY = YES;
				CLANG_WARN_ENUM_CONVERSION = YES;
				CLANG_WARN_INFINITE_RECURSION = YES;
				CLANG_WARN_INT_CONVERSION = YES;
				CLANG_WARN_NON_LITERAL_NULL_CONVERSION = YES;
				CLANG_WARN_OBJC_IMPLICIT_RETAIN_SELF = YES;
				CLANG_WARN_OBJC_LITERAL_CONVERSION = YES;
				CLANG_WARN_OBJC_ROOT_CLASS = YES_ERROR;
				CLANG_WARN_QUOTED_INCLUDE_IN_FRAMEWORK_HEADER = YES;
				CLANG_WARN_RANGE_LOOP_ANALYSIS = YES;
				CLANG_WARN_STRICT_PROTOTYPES = YES;
				CLANG_WARN_SUSPICIOUS_MOVE = YES;
				CLANG_WARN_UNGUARDED_AVAILABILITY = YES_AGGRESSIVE;
				CLANG_WARN_UNREACHABLE_CODE = YES;
				CLANG_WARN__DUPLICATE_METHOD_MATCH = YES;
				COPY_PHASE_STRIP = NO;
				DEBUG_INFORMATION_FORMAT = dwarf;
				ENABLE_STRICT_OBJC_MSGSEND = YES;
				ENABLE_TESTABILITY = YES;
				GCC_C_LANGUAGE_STANDARD = gnu11;
				GCC_DYNAMIC_NO_PIC = NO;
				GCC_NO_COMMON_BLOCKS = YES;
				GCC_OPTIMIZATION_LEVEL = 0;
				GCC_PREPROCESSOR_DEFINITIONS = (
					"DEBUG=1",
					"$(inherited)",
				);
				GCC_WARN_64_TO_32_BIT_CONVERSION = YES;
				GCC_WARN_ABOUT_RETURN_TYPE = YES_ERROR;
				GCC_WARN_UNDECLARED_SELECTOR = YES;
				GCC_WARN_UNINITIALIZED_AUTOS = YES_AGGRESSIVE;
				GCC_WARN_UNUSED_FUNCTION = YES;
				GCC_WARN_UNUSED_VARIABLE = YES;
				IPHONEOS_DEPLOYMENT_TARGET = 15.4;
				MTL_ENABLE_DEBUG_INFO = INCLUDE_SOURCE;
				MTL_FAST_MATH = YES;
				ONLY_ACTIVE_ARCH = YES;
				SDKROOT = iphoneos;
				SWIFT_ACTIVE_COMPILATION_CONDITIONS = DEBUG;
				SWIFT_OPTIMIZATION_LEVEL = "-Onone";
			};
			name = Debug;
		};
		8B04E3C127F62635003D69FD /* Release */ = {
			isa = XCBuildConfiguration;
			buildSettings = {
				ALWAYS_SEARCH_USER_PATHS = NO;
				CLANG_ANALYZER_NONNULL = YES;
				CLANG_ANALYZER_NUMBER_OBJECT_CONVERSION = YES_AGGRESSIVE;
				CLANG_CXX_LANGUAGE_STANDARD = "gnu++17";
				CLANG_ENABLE_MODULES = YES;
				CLANG_ENABLE_OBJC_ARC = YES;
				CLANG_ENABLE_OBJC_WEAK = YES;
				CLANG_WARN_BLOCK_CAPTURE_AUTORELEASING = YES;
				CLANG_WARN_BOOL_CONVERSION = YES;
				CLANG_WARN_COMMA = YES;
				CLANG_WARN_CONSTANT_CONVERSION = YES;
				CLANG_WARN_DEPRECATED_OBJC_IMPLEMENTATIONS = YES;
				CLANG_WARN_DIRECT_OBJC_ISA_USAGE = YES_ERROR;
				CLANG_WARN_DOCUMENTATION_COMMENTS = YES;
				CLANG_WARN_EMPTY_BODY = YES;
				CLANG_WARN_ENUM_CONVERSION = YES;
				CLANG_WARN_INFINITE_RECURSION = YES;
				CLANG_WARN_INT_CONVERSION = YES;
				CLANG_WARN_NON_LITERAL_NULL_CONVERSION = YES;
				CLANG_WARN_OBJC_IMPLICIT_RETAIN_SELF = YES;
				CLANG_WARN_OBJC_LITERAL_CONVERSION = YES;
				CLANG_WARN_OBJC_ROOT_CLASS = YES_ERROR;
				CLANG_WARN_QUOTED_INCLUDE_IN_FRAMEWORK_HEADER = YES;
				CLANG_WARN_RANGE_LOOP_ANALYSIS = YES;
				CLANG_WARN_STRICT_PROTOTYPES = YES;
				CLANG_WARN_SUSPICIOUS_MOVE = YES;
				CLANG_WARN_UNGUARDED_AVAILABILITY = YES_AGGRESSIVE;
				CLANG_WARN_UNREACHABLE_CODE = YES;
				CLANG_WARN__DUPLICATE_METHOD_MATCH = YES;
				COPY_PHASE_STRIP = NO;
				DEBUG_INFORMATION_FORMAT = "dwarf-with-dsym";
				ENABLE_NS_ASSERTIONS = NO;
				ENABLE_STRICT_OBJC_MSGSEND = YES;
				GCC_C_LANGUAGE_STANDARD = gnu11;
				GCC_NO_COMMON_BLOCKS = YES;
				GCC_WARN_64_TO_32_BIT_CONVERSION = YES;
				GCC_WARN_ABOUT_RETURN_TYPE = YES_ERROR;
				GCC_WARN_UNDECLARED_SELECTOR = YES;
				GCC_WARN_UNINITIALIZED_AUTOS = YES_AGGRESSIVE;
				GCC_WARN_UNUSED_FUNCTION = YES;
				GCC_WARN_UNUSED_VARIABLE = YES;
				IPHONEOS_DEPLOYMENT_TARGET = 15.4;
				MTL_ENABLE_DEBUG_INFO = NO;
				MTL_FAST_MATH = YES;
				SDKROOT = iphoneos;
				SWIFT_COMPILATION_MODE = wholemodule;
				SWIFT_OPTIMIZATION_LEVEL = "-O";
				VALIDATE_PRODUCT = YES;
			};
			name = Release;
		};
		8B04E3C327F62635003D69FD /* Debug */ = {
			isa = XCBuildConfiguration;
			baseConfigurationReference = B97D1E8D1DADFE2455E25DA1 /* Pods-Lesson 2.9.debug.xcconfig */;
			buildSettings = {
				ASSETCATALOG_COMPILER_APPICON_NAME = AppIcon;
				ASSETCATALOG_COMPILER_GLOBAL_ACCENT_COLOR_NAME = AccentColor;
				CODE_SIGN_STYLE = Automatic;
				CURRENT_PROJECT_VERSION = 1;
				GENERATE_INFOPLIST_FILE = YES;
				INFOPLIST_FILE = "Lesson 2.9/App/Info.plist";
				INFOPLIST_KEY_UIApplicationSupportsIndirectInputEvents = YES;
				INFOPLIST_KEY_UILaunchStoryboardName = LaunchScreen;
				INFOPLIST_KEY_UIMainStoryboardFile = Main;
				INFOPLIST_KEY_UISupportedInterfaceOrientations_iPad = "UIInterfaceOrientationPortrait UIInterfaceOrientationPortraitUpsideDown UIInterfaceOrientationLandscapeLeft UIInterfaceOrientationLandscapeRight";
				INFOPLIST_KEY_UISupportedInterfaceOrientations_iPhone = "UIInterfaceOrientationPortrait UIInterfaceOrientationLandscapeLeft UIInterfaceOrientationLandscapeRight";
				IPHONEOS_DEPLOYMENT_TARGET = 15.0;
				LD_RUNPATH_SEARCH_PATHS = (
					"$(inherited)",
					"@executable_path/Frameworks",
				);
				MARKETING_VERSION = 1.0;
				PRODUCT_BUNDLE_IDENTIFIER = "SwiftBook.Lesson-2-9";
				PRODUCT_NAME = "$(TARGET_NAME)";
				SWIFT_EMIT_LOC_STRINGS = YES;
				SWIFT_VERSION = 5.0;
				TARGETED_DEVICE_FAMILY = "1,2";
			};
			name = Debug;
		};
		8B04E3C427F62635003D69FD /* Release */ = {
			isa = XCBuildConfiguration;
			baseConfigurationReference = FFA42634DF63309A9E273429 /* Pods-Lesson 2.9.release.xcconfig */;
			buildSettings = {
				ASSETCATALOG_COMPILER_APPICON_NAME = AppIcon;
				ASSETCATALOG_COMPILER_GLOBAL_ACCENT_COLOR_NAME = AccentColor;
				CODE_SIGN_STYLE = Automatic;
				CURRENT_PROJECT_VERSION = 1;
				GENERATE_INFOPLIST_FILE = YES;
				INFOPLIST_FILE = "Lesson 2.9/App/Info.plist";
				INFOPLIST_KEY_UIApplicationSupportsIndirectInputEvents = YES;
				INFOPLIST_KEY_UILaunchStoryboardName = LaunchScreen;
				INFOPLIST_KEY_UIMainStoryboardFile = Main;
				INFOPLIST_KEY_UISupportedInterfaceOrientations_iPad = "UIInterfaceOrientationPortrait UIInterfaceOrientationPortraitUpsideDown UIInterfaceOrientationLandscapeLeft UIInterfaceOrientationLandscapeRight";
				INFOPLIST_KEY_UISupportedInterfaceOrientations_iPhone = "UIInterfaceOrientationPortrait UIInterfaceOrientationLandscapeLeft UIInterfaceOrientationLandscapeRight";
				IPHONEOS_DEPLOYMENT_TARGET = 15.0;
				LD_RUNPATH_SEARCH_PATHS = (
					"$(inherited)",
					"@executable_path/Frameworks",
				);
				MARKETING_VERSION = 1.0;
				PRODUCT_BUNDLE_IDENTIFIER = "SwiftBook.Lesson-2-9";
				PRODUCT_NAME = "$(TARGET_NAME)";
				SWIFT_EMIT_LOC_STRINGS = YES;
				SWIFT_VERSION = 5.0;
				TARGETED_DEVICE_FAMILY = "1,2";
			};
			name = Release;
		};
/* End XCBuildConfiguration section */

/* Begin XCConfigurationList section */
		8B04E3A927F62631003D69FD /* Build configuration list for PBXProject "Lesson 2.9" */ = {
			isa = XCConfigurationList;
			buildConfigurations = (
				8B04E3C027F62635003D69FD /* Debug */,
				8B04E3C127F62635003D69FD /* Release */,
			);
			defaultConfigurationIsVisible = 0;
			defaultConfigurationName = Release;
		};
		8B04E3C227F62635003D69FD /* Build configuration list for PBXNativeTarget "Lesson 2.9" */ = {
			isa = XCConfigurationList;
			buildConfigurations = (
				8B04E3C327F62635003D69FD /* Debug */,
				8B04E3C427F62635003D69FD /* Release */,
			);
			defaultConfigurationIsVisible = 0;
			defaultConfigurationName = Release;
		};
/* End XCConfigurationList section */
	};
	rootObject = 8B04E3A627F62631003D69FD /* Project object */;
}
